
Microsoft Visual Studio Solution File, Format Version 12.00
# Visual Studio Version 17
VisualStudioVersion = 17.2.32526.322
MinimumVisualStudioVersion = 10.0.40219.1
Project("{FAE04EC0-301F-11D3-BF4B-00C04F79EFBC}") = "WasteManagement System", "WasteManagement System\WasteManagement System.csproj", "{19E08155-A1A1-4AFB-BBEB-BE7893FCF450}"
EndProject
Global
	GlobalSection(SolutionConfigurationPlatforms) = preSolution
		Debug|Any CPU = Debug|Any CPU
		Release|Any CPU = Release|Any CPU
	EndGlobalSection
	GlobalSection(ProjectConfigurationPlatforms) = postSolution
		{19E08155-A1A1-4AFB-BBEB-BE7893FCF450}.Debug|Any CPU.ActiveCfg = Debug|Any CPU
		{19E08155-A1A1-4AFB-BBEB-BE7893FCF450}.Debug|Any CPU.Build.0 = Debug|Any CPU
		{19E08155-A1A1-4AFB-BBEB-BE7893FCF450}.Release|Any CPU.ActiveCfg = Release|Any CPU
		{19E08155-A1A1-4AFB-BBEB-BE7893FCF450}.Release|Any CPU.Build.0 = Release|Any CPU
	EndGlobalSection
	GlobalSection(SolutionProperties) = preSolution
		HideSolutionNode = FALSE
	EndGlobalSection
	GlobalSection(ExtensibilityGlobals) = postSolution
		SolutionGuid = {BF1DE000-3B81-49EE-89FF-6BC993A86E32}
	EndGlobalSection
EndGlobal
